
Microsoft Visual Studio Solution File, Format Version 12.00
# Visual Studio 14
VisualStudioVersion = 14.0.24720.0
MinimumVisualStudioVersion = 10.0.40219.1
Project("{FAE04EC0-301F-11D3-BF4B-00C04F79EFBC}") = "SendingMSG", "SendingMSG\SendingMSG.csproj", "{18DAF816-D6BE-41C5-A86A-7986D1DEA977}"
EndProject
Global
	GlobalSection(SolutionConfigurationPlatforms) = preSolution
		Debug|Any CPU = Debug|Any CPU
		Release|Any CPU = Release|Any CPU
	EndGlobalSection
	GlobalSection(ProjectConfigurationPlatforms) = postSolution
		{18DAF816-D6BE-41C5-A86A-7986D1DEA977}.Debug|Any CPU.ActiveCfg = Debug|Any CPU
		{18DAF816-D6BE-41C5-A86A-7986D1DEA977}.Debug|Any CPU.Build.0 = Debug|Any CPU
		{18DAF816-D6BE-41C5-A86A-7986D1DEA977}.Release|Any CPU.ActiveCfg = Release|Any CPU
		{18DAF816-D6BE-41C5-A86A-7986D1DEA977}.Release|Any CPU.Build.0 = Release|Any CPU
	EndGlobalSection
	GlobalSection(SolutionProperties) = preSolution
		HideSolutionNode = FALSE
	EndGlobalSection
EndGlobal
